
Microsoft Visual Studio Solution File, Format Version 12.00
# Visual Studio 15
VisualStudioVersion = 15.0.27703.2042
MinimumVisualStudioVersion = 10.0.40219.1
Project("{9A19103F-16F7-4668-BE54-9A1E7A4F7556}") = "ApiWeather", "ApiWeather\ApiWeather.csproj", "{1B50ACC4-342F-4D66-BEE0-99062BA2457B}"
EndProject
Global
	GlobalSection(SolutionConfigurationPlatforms) = preSolution
		Debug|Any CPU = Debug|Any CPU
		Release|Any CPU = Release|Any CPU
	EndGlobalSection
	GlobalSection(ProjectConfigurationPlatforms) = postSolution
		{1B50ACC4-342F-4D66-BEE0-99062BA2457B}.Debug|Any CPU.ActiveCfg = Debug|Any CPU
		{1B50ACC4-342F-4D66-BEE0-99062BA2457B}.Debug|Any CPU.Build.0 = Debug|Any CPU
		{1B50ACC4-342F-4D66-BEE0-99062BA2457B}.Release|Any CPU.ActiveCfg = Release|Any CPU
		{1B50ACC4-342F-4D66-BEE0-99062BA2457B}.Release|Any CPU.Build.0 = Release|Any CPU
	EndGlobalSection
	GlobalSection(SolutionProperties) = preSolution
		HideSolutionNode = FALSE
	EndGlobalSection
	GlobalSection(ExtensibilityGlobals) = postSolution
		SolutionGuid = {9CF5D1A5-990A-40A0-81B0-2C8B8EF4FA6A}
	EndGlobalSection
EndGlobal
